{
  "originHash" : "0348c2e1453c8c291708f17d862014ad8c455e237754bd1be959598f18150ac4",
  "pins" : [
    {
      "identity" : "alamofire",
      "kind" : "remoteSourceControl",
      "location" : "https://github.com/Alamofire/Alamofire.git",
      "state" : {
        "revision" : "513364f870f6bfc468f9d2ff0a95caccc10044c5",
        "version" : "5.10.2"
      }
    },
    {
      "identity" : "factory",
      "kind" : "remoteSourceControl",
      "location" : "https://github.com/hmlongco/Factory.git",
      "state" : {
        "revision" : "c8110886836ab4dd1136dbac0c04f0f36cd68540",
        "version" : "2.4.5"
      }
    },
    {
      "identity" : "iglistkit",
      "kind" : "remoteSourceControl",
      "location" : "https://github.com/Instagram/IGListKit.git",
      "state" : {
        "revision" : "baf38ea4d438ef3cc6c6deb8615e1910e03f02bb",
        "version" : "5.0.0"
      }
    }
  ],
  "version" : 3
}
