{
  "originHash" : "b0226224454d35baa58082c4a8bff20886cc4cdfdbd360b6451f260f98ccdd9d",
  "pins" : [
    {
      "identity" : "factory",
      "kind" : "remoteSourceControl",
      "location" : "https://github.com/hmlongco/Factory.git",
      "state" : {
        "revision" : "c8110886836ab4dd1136dbac0c04f0f36cd68540",
        "version" : "2.4.5"
      }
    },
    {
      "identity" : "iglistkit",
      "kind" : "remoteSourceControl",
      "location" : "https://github.com/Instagram/IGListKit.git",
      "state" : {
        "revision" : "baf38ea4d438ef3cc6c6deb8615e1910e03f02bb",
        "version" : "5.0.0"
      }
    }
  ],
  "version" : 3
}
